<?xml version="1.0" encoding="UTF-8" standalone="yes" ?>
<CodeBlocks_project_file>
	<FileVersion major="1" minor="6" />
	<Project>
		<Option title="Quipkit" />
		<Option platforms="Windows;" />
		<Option pch_mode="2" />
		<Option compiler="gcc" />
		<Build>
			<Target title="Debug">
				<Option output="bin\Debug\Quipkit" prefix_auto="1" extension_auto="1" />
				<Option object_output="obj\Debug\" />
				<Option type="1" />
				<Option compiler="gcc" />
				<Compiler>
					<Add option="-g" />
				</Compiler>
			</Target>
			<Target title="Release">
				<Option output="bin\Release\Quipkit" prefix_auto="1" extension_auto="1" />
				<Option object_output="obj\Release\" />
				<Option type="0" />
				<Option compiler="gcc" />
				<Compiler>
					<Add option="-O2" />
				</Compiler>
				<Linker>
					<Add option="-s" />
				</Linker>
			</Target>
		</Build>
		<Compiler>
			<Add option="-Wmissing-include-dirs" />
			<Add option="-Wextra" />
			<Add option="-Wall" />
			<Add option="-std=c99" />
			<Add directory="contrib\lua\include" />
		</Compiler>
		<Linker>
			<Add library="contrib\lua\lua51.lib" />
			<Add library="contrib\lua\lua5.1.lib" />
			<Add directory="contrib\lua" />
		</Linker>
		<Unit filename=".gitignore">
			<Option target="&lt;{~None~}&gt;" />
		</Unit>
		<Unit filename="README.textile">
			<Option target="&lt;{~None~}&gt;" />
		</Unit>
		<Unit filename="init.lua">
			<Option target="&lt;{~None~}&gt;" />
		</Unit>
		<Unit filename="lib\game.lua">
			<Option target="&lt;{~None~}&gt;" />
		</Unit>
		<Unit filename="lib\gl.lua">
			<Option target="&lt;{~None~}&gt;" />
		</Unit>
		<Unit filename="lib\png.lua">
			<Option target="&lt;{~None~}&gt;" />
		</Unit>
		<Unit filename="lib\sdl.lua">
			<Option target="&lt;{~None~}&gt;" />
		</Unit>
		<Unit filename="main.lua">
			<Option target="&lt;{~None~}&gt;" />
		</Unit>
		<Unit filename="quipkit.c">
			<Option compilerVar="CC" />
		</Unit>
		<Unit filename="test\game.lua">
			<Option target="&lt;{~None~}&gt;" />
		</Unit>
		<Unit filename="test\gl.lua">
			<Option target="&lt;{~None~}&gt;" />
		</Unit>
		<Unit filename="test\key.lua">
			<Option target="&lt;{~None~}&gt;" />
		</Unit>
		<Unit filename="test\pngtest.lua">
			<Option target="&lt;{~None~}&gt;" />
		</Unit>
		<Unit filename="test\poll.lua">
			<Option target="&lt;{~None~}&gt;" />
		</Unit>
		<Unit filename="test\smile.lua">
			<Option target="&lt;{~None~}&gt;" />
		</Unit>
		<Unit filename="test\smile.png">
			<Option target="&lt;{~None~}&gt;" />
		</Unit>
		<Unit filename="test\wait.lua">
			<Option target="&lt;{~None~}&gt;" />
		</Unit>
		<Extensions>
			<code_completion />
			<debugger />
		</Extensions>
	</Project>
</CodeBlocks_project_file>
